
Microsoft Visual Studio Solution File, Format Version 12.00
# Visual Studio Version 17
VisualStudioVersion = 17.14.36203.30 d17.14
MinimumVisualStudioVersion = 10.0.40219.1
Project("{FAE04EC0-301F-11D3-BF4B-00C04F79EFBC}") = "Mp3 Merger", "Mp3 Merger.csproj", "{9B408854-25AE-4284-9177-A6D499D6E48B}"
EndProject
Global
	GlobalSection(SolutionConfigurationPlatforms) = preSolution
		Debug|Any CPU = Debug|Any CPU
		Release|Any CPU = Release|Any CPU
	EndGlobalSection
	GlobalSection(ProjectConfigurationPlatforms) = postSolution
		{9B408854-25AE-4284-9177-A6D499D6E48B}.Debug|Any CPU.ActiveCfg = Debug|Any CPU
		{9B408854-25AE-4284-9177-A6D499D6E48B}.Debug|Any CPU.Build.0 = Debug|Any CPU
		{9B408854-25AE-4284-9177-A6D499D6E48B}.Release|Any CPU.ActiveCfg = Release|Any CPU
		{9B408854-25AE-4284-9177-A6D499D6E48B}.Release|Any CPU.Build.0 = Release|Any CPU
	EndGlobalSection
	GlobalSection(SolutionProperties) = preSolution
		HideSolutionNode = FALSE
	EndGlobalSection
	GlobalSection(ExtensibilityGlobals) = postSolution
		SolutionGuid = {B4EC96C5-0B69-4926-ACA8-F48037BDF9E6}
	EndGlobalSection
EndGlobal
